
Microsoft Visual Studio Solution File, Format Version 12.00
# Visual Studio Version 17
VisualStudioVersion = 17.10.34928.147
MinimumVisualStudioVersion = 10.0.40219.1
Project("{FAE04EC0-301F-11D3-BF4B-00C04F79EFBC}") = "MeBank.Server", "MeBank.Server\MeBank.Server.csproj", "{99623D37-2FEC-4C06-B3F6-95686AC63A24}"
EndProject
Project("{54A90642-561A-4BB1-A94E-469ADEE60C69}") = "mebank.client", "mebank.client\mebank.client.esproj", "{3C7B14C1-58E3-4E66-BD67-E580D260364C}"
EndProject
Global
	GlobalSection(SolutionConfigurationPlatforms) = preSolution
		Debug|Any CPU = Debug|Any CPU
		Release|Any CPU = Release|Any CPU
	EndGlobalSection
	GlobalSection(ProjectConfigurationPlatforms) = postSolution
		{99623D37-2FEC-4C06-B3F6-95686AC63A24}.Debug|Any CPU.ActiveCfg = Debug|Any CPU
		{99623D37-2FEC-4C06-B3F6-95686AC63A24}.Debug|Any CPU.Build.0 = Debug|Any CPU
		{99623D37-2FEC-4C06-B3F6-95686AC63A24}.Release|Any CPU.ActiveCfg = Release|Any CPU
		{99623D37-2FEC-4C06-B3F6-95686AC63A24}.Release|Any CPU.Build.0 = Release|Any CPU
		{3C7B14C1-58E3-4E66-BD67-E580D260364C}.Debug|Any CPU.ActiveCfg = Debug|Any CPU
		{3C7B14C1-58E3-4E66-BD67-E580D260364C}.Debug|Any CPU.Build.0 = Debug|Any CPU
		{3C7B14C1-58E3-4E66-BD67-E580D260364C}.Debug|Any CPU.Deploy.0 = Debug|Any CPU
		{3C7B14C1-58E3-4E66-BD67-E580D260364C}.Release|Any CPU.ActiveCfg = Release|Any CPU
		{3C7B14C1-58E3-4E66-BD67-E580D260364C}.Release|Any CPU.Build.0 = Release|Any CPU
		{3C7B14C1-58E3-4E66-BD67-E580D260364C}.Release|Any CPU.Deploy.0 = Release|Any CPU
	EndGlobalSection
	GlobalSection(SolutionProperties) = preSolution
		HideSolutionNode = FALSE
	EndGlobalSection
	GlobalSection(ExtensibilityGlobals) = postSolution
		SolutionGuid = {917AC9CF-BADE-4D27-AE3B-C48E89DC94AF}
	EndGlobalSection
EndGlobal
